
Microsoft Visual Studio Solution File, Format Version 12.00
# Visual Studio Version 16
VisualStudioVersion = 16.0.29728.190
MinimumVisualStudioVersion = 10.0.40219.1
Project("{FAE04EC0-301F-11D3-BF4B-00C04F79EFBC}") = "GitHubApi", "GitHubApi\GitHubApi.csproj", "{9047D6AE-618F-4B0A-8C9B-7025670D4E20}"
EndProject
Project("{FAE04EC0-301F-11D3-BF4B-00C04F79EFBC}") = "GitHub.Domain", "GitHub.Domain\GitHub.Domain.csproj", "{B8E69E98-810C-4D6F-86AE-76A573922858}"
EndProject
Project("{FAE04EC0-301F-11D3-BF4B-00C04F79EFBC}") = "GitHub.Shared", "GitHub.Shared\GitHub.Shared.csproj", "{28205BF7-C6FD-4BCD-992A-8AE7AA03BDA5}"
EndProject
Global
	GlobalSection(SolutionConfigurationPlatforms) = preSolution
		Debug|Any CPU = Debug|Any CPU
		Release|Any CPU = Release|Any CPU
	EndGlobalSection
	GlobalSection(ProjectConfigurationPlatforms) = postSolution
		{9047D6AE-618F-4B0A-8C9B-7025670D4E20}.Debug|Any CPU.ActiveCfg = Debug|Any CPU
		{9047D6AE-618F-4B0A-8C9B-7025670D4E20}.Debug|Any CPU.Build.0 = Debug|Any CPU
		{9047D6AE-618F-4B0A-8C9B-7025670D4E20}.Release|Any CPU.ActiveCfg = Release|Any CPU
		{9047D6AE-618F-4B0A-8C9B-7025670D4E20}.Release|Any CPU.Build.0 = Release|Any CPU
		{B8E69E98-810C-4D6F-86AE-76A573922858}.Debug|Any CPU.ActiveCfg = Debug|Any CPU
		{B8E69E98-810C-4D6F-86AE-76A573922858}.Debug|Any CPU.Build.0 = Debug|Any CPU
		{B8E69E98-810C-4D6F-86AE-76A573922858}.Release|Any CPU.ActiveCfg = Release|Any CPU
		{B8E69E98-810C-4D6F-86AE-76A573922858}.Release|Any CPU.Build.0 = Release|Any CPU
		{28205BF7-C6FD-4BCD-992A-8AE7AA03BDA5}.Debug|Any CPU.ActiveCfg = Debug|Any CPU
		{28205BF7-C6FD-4BCD-992A-8AE7AA03BDA5}.Debug|Any CPU.Build.0 = Debug|Any CPU
		{28205BF7-C6FD-4BCD-992A-8AE7AA03BDA5}.Release|Any CPU.ActiveCfg = Release|Any CPU
		{28205BF7-C6FD-4BCD-992A-8AE7AA03BDA5}.Release|Any CPU.Build.0 = Release|Any CPU
	EndGlobalSection
	GlobalSection(SolutionProperties) = preSolution
		HideSolutionNode = FALSE
	EndGlobalSection
	GlobalSection(ExtensibilityGlobals) = postSolution
		SolutionGuid = {7EAB3069-4E22-4573-9610-A7C56172E8CA}
	EndGlobalSection
EndGlobal
